// !$*UTF8*$!
{
	archiveVersion = 1;
	classes = {
	};
	objectVersion = 46;
	objects = {

/* Begin PBXBuildFile section */
		F902786E1D4F2EC700C82094 /* FacebookAudienceNetworkSDK-4_14-for-iOS.docset in Resources */ = {isa = PBXBuildFile; fileRef = F902786A1D4F2EC700C82094 /* FacebookAudienceNetworkSDK-4_14-for-iOS.docset */; };
		F902786F1D4F2EC700C82094 /* FacebookMessengerShareKitSDK-1_3-for-iOS.docset in Resources */ = {isa = PBXBuildFile; fileRef = F902786B1D4F2EC700C82094 /* FacebookMessengerShareKitSDK-1_3-for-iOS.docset */; };
		F90278701D4F2EC700C82094 /* FacebookSDK-4_14-for-iOS.docset in Resources */ = {isa = PBXBuildFile; fileRef = F902786C1D4F2EC700C82094 /* FacebookSDK-4_14-for-iOS.docset */; };
		F90278711D4F2EC700C82094 /* install_docsets.sh in Resources */ = {isa = PBXBuildFile; fileRef = F902786D1D4F2EC700C82094 /* install_docsets.sh */; };
		F90278731D4F360E00C82094 /* Bolts.framework in Frameworks */ = {isa = PBXBuildFile; fileRef = F90278721D4F360E00C82094 /* Bolts.framework */; };
		F9058E341D50504000862E7F /* PostData.swift in Sources */ = {isa = PBXBuildFile; fileRef = F9058E331D50504000862E7F /* PostData.swift */; };
		F9058E361D50593500862E7F /* AboutUs.storyboard in Resources */ = {isa = PBXBuildFile; fileRef = F9058E351D50593500862E7F /* AboutUs.storyboard */; };
		F906A41C1D73DF2000B721F0 /* data.db in Resources */ = {isa = PBXBuildFile; fileRef = F906A41B1D73DF2000B721F0 /* data.db */; };
		F906A41E1D73DFFB00B721F0 /* JBdata.swift in Sources */ = {isa = PBXBuildFile; fileRef = F906A41D1D73DFFB00B721F0 /* JBdata.swift */; };
		F910C1A11D6434B6003367A7 /* CV_GoalSelection.swift in Sources */ = {isa = PBXBuildFile; fileRef = F910C1A01D6434B6003367A7 /* CV_GoalSelection.swift */; };
		F929E5691D775A3600BFE8E5 /* VC_Login.swift in Sources */ = {isa = PBXBuildFile; fileRef = F929E5681D775A3600BFE8E5 /* VC_Login.swift */; };
		F93837131D56DA55007A0D63 /* V_Cooker.swift in Sources */ = {isa = PBXBuildFile; fileRef = F93837121D56DA55007A0D63 /* V_Cooker.swift */; };
		F9396BEB1D8ACAAF00CA9AEE /* UserStruct.swift in Sources */ = {isa = PBXBuildFile; fileRef = F9396BEA1D8ACAAF00CA9AEE /* UserStruct.swift */; };
		F9449F061D89AB4A009E5646 /* VC_Profile.swift in Sources */ = {isa = PBXBuildFile; fileRef = F9449F051D89AB4A009E5646 /* VC_Profile.swift */; };
		F948DD601DB4DF3C00706837 /* VC_JoinUs.swift in Sources */ = {isa = PBXBuildFile; fileRef = F948DD5F1DB4DF3C00706837 /* VC_JoinUs.swift */; };
		F948DD621DB5347300706837 /* VC_StoreList.swift in Sources */ = {isa = PBXBuildFile; fileRef = F948DD611DB5347300706837 /* VC_StoreList.swift */; };
		F951AD551D6EB30800725C75 /* VC_BaseVC.swift in Sources */ = {isa = PBXBuildFile; fileRef = F951AD541D6EB30800725C75 /* VC_BaseVC.swift */; };
		F951AD591D6EF17B00725C75 /* User.swift in Sources */ = {isa = PBXBuildFile; fileRef = F951AD581D6EF17B00725C75 /* User.swift */; };
		F95A2A6A1D563B0E00D39BF0 /* VC_MainSence.swift in Sources */ = {isa = PBXBuildFile; fileRef = F95A2A691D563B0E00D39BF0 /* VC_MainSence.swift */; };
		F95B25DF1DB3634E00C6B58E /* VC_Map.swift in Sources */ = {isa = PBXBuildFile; fileRef = F95B25DE1DB3634E00C6B58E /* VC_Map.swift */; };
		F95CE4121D695EE80045E6DF /* VC_ExtraOption.swift in Sources */ = {isa = PBXBuildFile; fileRef = F95CE4111D695EE80045E6DF /* VC_ExtraOption.swift */; };
		F97051C61D6AF99F00740B3A /* VC_Result.swift in Sources */ = {isa = PBXBuildFile; fileRef = F97051C51D6AF99F00740B3A /* VC_Result.swift */; };
		F97051C81D6B4E2200740B3A /* VC_HasExtraMenu.swift in Sources */ = {isa = PBXBuildFile; fileRef = F97051C71D6B4E2200740B3A /* VC_HasExtraMenu.swift */; };
		F971BFF61DAB58B8000AF68E /* VC_Discuss.swift in Sources */ = {isa = PBXBuildFile; fileRef = F971BFF51DAB58B8000AF68E /* VC_Discuss.swift */; };
		F971BFF81DAB75E2000AF68E /* MapKit.framework in Frameworks */ = {isa = PBXBuildFile; fileRef = F971BFF71DAB75E2000AF68E /* MapKit.framework */; };
		F97A8D3B1D7EF0EF00D9D2B4 /* libsqlite3.0.tbd in Frameworks */ = {isa = PBXBuildFile; fileRef = F97A8D3A1D7EF0EF00D9D2B4 /* libsqlite3.0.tbd */; };
		F97A8D3F1D7EFDDA00D9D2B4 /* VC_tutorialPage.swift in Sources */ = {isa = PBXBuildFile; fileRef = F97A8D3E1D7EFDDA00D9D2B4 /* VC_tutorialPage.swift */; };
		F98DDC4C1D96B8E500240578 /* Store.swift in Sources */ = {isa = PBXBuildFile; fileRef = F98DDC4B1D96B8E500240578 /* Store.swift */; };
		F9AE0E6E1D5B5411000C8B91 /* VC_Comment.swift in Sources */ = {isa = PBXBuildFile; fileRef = F9AE0E6D1D5B5411000C8B91 /* VC_Comment.swift */; };
		F9AE0E701D5B6822000C8B91 /* PVC_tutorial.swift in Sources */ = {isa = PBXBuildFile; fileRef = F9AE0E6F1D5B6822000C8B91 /* PVC_tutorial.swift */; };
		F9FD50DD1D4DECCE006A3AF3 /* AppDelegate.swift in Sources */ = {isa = PBXBuildFile; fileRef = F9FD50DC1D4DECCE006A3AF3 /* AppDelegate.swift */; };
		F9FD50DF1D4DECCE006A3AF3 /* ViewController.swift in Sources */ = {isa = PBXBuildFile; fileRef = F9FD50DE1D4DECCE006A3AF3 /* ViewController.swift */; };
		F9FD50E21D4DECCE006A3AF3 /* Main.storyboard in Resources */ = {isa = PBXBuildFile; fileRef = F9FD50E01D4DECCE006A3AF3 /* Main.storyboard */; settings = {ASSET_TAGS = (Login, ); }; };
		F9FD50E41D4DECCE006A3AF3 /* Assets.xcassets in Resources */ = {isa = PBXBuildFile; fileRef = F9FD50E31D4DECCE006A3AF3 /* Assets.xcassets */; };
		F9FD50E71D4DECCE006A3AF3 /* LaunchScreen.storyboard in Resources */ = {isa = PBXBuildFile; fileRef = F9FD50E51D4DECCE006A3AF3 /* LaunchScreen.storyboard */; };
		F9FD50F21D4DECCE006A3AF3 /* TestFBTests.swift in Sources */ = {isa = PBXBuildFile; fileRef = F9FD50F11D4DECCE006A3AF3 /* TestFBTests.swift */; };
		F9FD50FD1D4DECCE006A3AF3 /* TestFBUITests.swift in Sources */ = {isa = PBXBuildFile; fileRef = F9FD50FC1D4DECCE006A3AF3 /* TestFBUITests.swift */; };
		F9FD510C1D4DED75006A3AF3 /* FBSDKCoreKit.framework in Frameworks */ = {isa = PBXBuildFile; fileRef = F9FD510A1D4DED75006A3AF3 /* FBSDKCoreKit.framework */; };
		F9FD510D1D4DED75006A3AF3 /* FBSDKLoginKit.framework in Frameworks */ = {isa = PBXBuildFile; fileRef = F9FD510B1D4DED75006A3AF3 /* FBSDKLoginKit.framework */; };
		F9FD51101D4DEE57006A3AF3 /* FBSDKHeader.m in Sources */ = {isa = PBXBuildFile; fileRef = F9FD510F1D4DEE57006A3AF3 /* FBSDKHeader.m */; };
		F9FD51121D4DF745006A3AF3 /* Podfile in Resources */ = {isa = PBXBuildFile; fileRef = F9FD51111D4DF745006A3AF3 /* Podfile */; };
		F9FF05681DB278DF003B73AB /* StaticFunction.swift in Sources */ = {isa = PBXBuildFile; fileRef = F9FF05671DB278DF003B73AB /* StaticFunction.swift */; };
		F9FF056A1DB28F5C003B73AB /* VC_OfferStore.swift in Sources */ = {isa = PBXBuildFile; fileRef = F9FF05691DB28F5C003B73AB /* VC_OfferStore.swift */; };
/* End PBXBuildFile section */

/* Begin PBXContainerItemProxy section */
		F9FD50EE1D4DECCE006A3AF3 /* PBXContainerItemProxy */ = {
			isa = PBXContainerItemProxy;
			containerPortal = F9FD50D11D4DECCE006A3AF3 /* Project object */;
			proxyType = 1;
			remoteGlobalIDString = F9FD50D81D4DECCE006A3AF3;
			remoteInfo = TestFB;
		};
		F9FD50F91D4DECCE006A3AF3 /* PBXContainerItemProxy */ = {
			isa = PBXContainerItemProxy;
			containerPortal = F9FD50D11D4DECCE006A3AF3 /* Project object */;
			proxyType = 1;
			remoteGlobalIDString = F9FD50D81D4DECCE006A3AF3;
			remoteInfo = TestFB;
		};
/* End PBXContainerItemProxy section */

/* Begin PBXFileReference section */
		F902786A1D4F2EC700C82094 /* FacebookAudienceNetworkSDK-4_14-for-iOS.docset */ = {isa = PBXFileReference; lastKnownFileType = wrapper; path = "FacebookAudienceNetworkSDK-4_14-for-iOS.docset"; sourceTree = "<group>"; };
		F902786B1D4F2EC700C82094 /* FacebookMessengerShareKitSDK-1_3-for-iOS.docset */ = {isa = PBXFileReference; lastKnownFileType = wrapper; path = "FacebookMessengerShareKitSDK-1_3-for-iOS.docset"; sourceTree = "<group>"; };
		F902786C1D4F2EC700C82094 /* FacebookSDK-4_14-for-iOS.docset */ = {isa = PBXFileReference; lastKnownFileType = wrapper; path = "FacebookSDK-4_14-for-iOS.docset"; sourceTree = "<group>"; };
		F902786D1D4F2EC700C82094 /* install_docsets.sh */ = {isa = PBXFileReference; fileEncoding = 4; lastKnownFileType = text.script.sh; path = install_docsets.sh; sourceTree = "<group>"; };
		F90278721D4F360E00C82094 /* Bolts.framework */ = {isa = PBXFileReference; lastKnownFileType = wrapper.framework; path = Bolts.framework; sourceTree = "<group>"; };
		F9058E331D50504000862E7F /* PostData.swift */ = {isa = PBXFileReference; fileEncoding = 4; lastKnownFileType = sourcecode.swift; name = PostData.swift; path = JBlite/PostData.swift; sourceTree = "<group>"; };
		F9058E351D50593500862E7F /* AboutUs.storyboard */ = {isa = PBXFileReference; fileEncoding = 4; lastKnownFileType = file.storyboard; path = AboutUs.storyboard; sourceTree = "<group>"; };
		F906A3CB1D73D69000B721F0 /* libsqlite3.tbd */ = {isa = PBXFileReference; lastKnownFileType = "sourcecode.text-based-dylib-definition"; name = libsqlite3.tbd; path = usr/lib/libsqlite3.tbd; sourceTree = SDKROOT; };
		F906A41B1D73DF2000B721F0 /* data.db */ = {isa = PBXFileReference; fileEncoding = 4; lastKnownFileType = text; name = data.db; path = TestFB/data.db; sourceTree = "<group>"; };
		F906A41D1D73DFFB00B721F0 /* JBdata.swift */ = {isa = PBXFileReference; fileEncoding = 4; lastKnownFileType = sourcecode.swift; path = JBdata.swift; sourceTree = "<group>"; };
		F910C1A01D6434B6003367A7 /* CV_GoalSelection.swift */ = {isa = PBXFileReference; fileEncoding = 4; lastKnownFileType = sourcecode.swift; name = CV_GoalSelection.swift; path = VC/MainSence/CV_GoalSelection.swift; sourceTree = "<group>"; };
		F929E5681D775A3600BFE8E5 /* VC_Login.swift */ = {isa = PBXFileReference; fileEncoding = 4; lastKnownFileType = sourcecode.swift; name = VC_Login.swift; path = VC/VC_Login.swift; sourceTree = "<group>"; };
		F93837121D56DA55007A0D63 /* V_Cooker.swift */ = {isa = PBXFileReference; fileEncoding = 4; lastKnownFileType = sourcecode.swift; name = V_Cooker.swift; path = VC/V_Cooker.swift; sourceTree = "<group>"; };
		F9396BEA1D8ACAAF00CA9AEE /* UserStruct.swift */ = {isa = PBXFileReference; fileEncoding = 4; lastKnownFileType = sourcecode.swift; path = UserStruct.swift; sourceTree = "<group>"; };
		F9449F051D89AB4A009E5646 /* VC_Profile.swift */ = {isa = PBXFileReference; fileEncoding = 4; lastKnownFileType = sourcecode.swift; path = VC_Profile.swift; sourceTree = "<group>"; };
		F948DD5F1DB4DF3C00706837 /* VC_JoinUs.swift */ = {isa = PBXFileReference; fileEncoding = 4; lastKnownFileType = sourcecode.swift; path = VC_JoinUs.swift; sourceTree = "<group>"; };
		F948DD611DB5347300706837 /* VC_StoreList.swift */ = {isa = PBXFileReference; fileEncoding = 4; lastKnownFileType = sourcecode.swift; path = VC_StoreList.swift; sourceTree = "<group>"; };
		F951AD541D6EB30800725C75 /* VC_BaseVC.swift */ = {isa = PBXFileReference; fileEncoding = 4; lastKnownFileType = sourcecode.swift; name = VC_BaseVC.swift; path = VC/VC_BaseVC.swift; sourceTree = "<group>"; };
		F951AD581D6EF17B00725C75 /* User.swift */ = {isa = PBXFileReference; fileEncoding = 4; lastKnownFileType = sourcecode.swift; name = User.swift; path = Controller/User.swift; sourceTree = "<group>"; };
		F95A2A691D563B0E00D39BF0 /* VC_MainSence.swift */ = {isa = PBXFileReference; fileEncoding = 4; lastKnownFileType = sourcecode.swift; name = VC_MainSence.swift; path = VC/VC_MainSence.swift; sourceTree = "<group>"; };
		F95B25DE1DB3634E00C6B58E /* VC_Map.swift */ = {isa = PBXFileReference; fileEncoding = 4; lastKnownFileType = sourcecode.swift; path = VC_Map.swift; sourceTree = "<group>"; };
		F95CE4111D695EE80045E6DF /* VC_ExtraOption.swift */ = {isa = PBXFileReference; fileEncoding = 4; lastKnownFileType = sourcecode.swift; name = VC_ExtraOption.swift; path = VC/VC_ExtraOption.swift; sourceTree = "<group>"; wrapsLines = 1; };
		F97051C51D6AF99F00740B3A /* VC_Result.swift */ = {isa = PBXFileReference; fileEncoding = 4; lastKnownFileType = sourcecode.swift; name = VC_Result.swift; path = VC/VC_Result.swift; sourceTree = "<group>"; };
		F97051C71D6B4E2200740B3A /* VC_HasExtraMenu.swift */ = {isa = PBXFileReference; fileEncoding = 4; lastKnownFileType = sourcecode.swift; path = VC_HasExtraMenu.swift; sourceTree = "<group>"; };
		F971BFF51DAB58B8000AF68E /* VC_Discuss.swift */ = {isa = PBXFileReference; fileEncoding = 4; lastKnownFileType = sourcecode.swift; path = VC_Discuss.swift; sourceTree = "<group>"; };
		F971BFF71DAB75E2000AF68E /* MapKit.framework */ = {isa = PBXFileReference; lastKnownFileType = wrapper.framework; name = MapKit.framework; path = System/Library/Frameworks/MapKit.framework; sourceTree = SDKROOT; };
		F97A8D3A1D7EF0EF00D9D2B4 /* libsqlite3.0.tbd */ = {isa = PBXFileReference; lastKnownFileType = "sourcecode.text-based-dylib-definition"; name = libsqlite3.0.tbd; path = usr/lib/libsqlite3.0.tbd; sourceTree = SDKROOT; };
		F97A8D3E1D7EFDDA00D9D2B4 /* VC_tutorialPage.swift */ = {isa = PBXFileReference; fileEncoding = 4; lastKnownFileType = sourcecode.swift; path = VC_tutorialPage.swift; sourceTree = "<group>"; };
		F98DDC4B1D96B8E500240578 /* Store.swift */ = {isa = PBXFileReference; fileEncoding = 4; lastKnownFileType = sourcecode.swift; path = Store.swift; sourceTree = "<group>"; };
		F9AE0E6D1D5B5411000C8B91 /* VC_Comment.swift */ = {isa = PBXFileReference; fileEncoding = 4; lastKnownFileType = sourcecode.swift; path = VC_Comment.swift; sourceTree = "<group>"; };
		F9AE0E6F1D5B6822000C8B91 /* PVC_tutorial.swift */ = {isa = PBXFileReference; fileEncoding = 4; lastKnownFileType = sourcecode.swift; name = PVC_tutorial.swift; path = VC/PVC_tutorial.swift; sourceTree = "<group>"; };
		F9FD50D91D4DECCE006A3AF3 /* JBIOS.app */ = {isa = PBXFileReference; explicitFileType = wrapper.application; includeInIndex = 0; path = JBIOS.app; sourceTree = BUILT_PRODUCTS_DIR; };
		F9FD50DC1D4DECCE006A3AF3 /* AppDelegate.swift */ = {isa = PBXFileReference; lastKnownFileType = sourcecode.swift; path = AppDelegate.swift; sourceTree = "<group>"; };
		F9FD50DE1D4DECCE006A3AF3 /* ViewController.swift */ = {isa = PBXFileReference; lastKnownFileType = sourcecode.swift; path = ViewController.swift; sourceTree = "<group>"; };
		F9FD50E11D4DECCE006A3AF3 /* Base */ = {isa = PBXFileReference; lastKnownFileType = file.storyboard; name = Base; path = Base.lproj/Main.storyboard; sourceTree = "<group>"; };
		F9FD50E31D4DECCE006A3AF3 /* Assets.xcassets */ = {isa = PBXFileReference; lastKnownFileType = folder.assetcatalog; path = Assets.xcassets; sourceTree = "<group>"; };
		F9FD50E61D4DECCE006A3AF3 /* Base */ = {isa = PBXFileReference; lastKnownFileType = file.storyboard; name = Base; path = Base.lproj/LaunchScreen.storyboard; sourceTree = "<group>"; };
		F9FD50E81D4DECCE006A3AF3 /* Info.plist */ = {isa = PBXFileReference; lastKnownFileType = text.plist.xml; path = Info.plist; sourceTree = "<group>"; };
		F9FD50ED1D4DECCE006A3AF3 /* JBIOS.xctest */ = {isa = PBXFileReference; explicitFileType = wrapper.cfbundle; includeInIndex = 0; path = JBIOS.xctest; sourceTree = BUILT_PRODUCTS_DIR; };
		F9FD50F11D4DECCE006A3AF3 /* TestFBTests.swift */ = {isa = PBXFileReference; lastKnownFileType = sourcecode.swift; path = TestFBTests.swift; sourceTree = "<group>"; };
		F9FD50F31D4DECCE006A3AF3 /* Info.plist */ = {isa = PBXFileReference; lastKnownFileType = text.plist.xml; path = Info.plist; sourceTree = "<group>"; };
		F9FD50F81D4DECCE006A3AF3 /* JBIOS.xctest */ = {isa = PBXFileReference; explicitFileType = wrapper.cfbundle; includeInIndex = 0; path = JBIOS.xctest; sourceTree = BUILT_PRODUCTS_DIR; };
		F9FD50FC1D4DECCE006A3AF3 /* TestFBUITests.swift */ = {isa = PBXFileReference; lastKnownFileType = sourcecode.swift; path = TestFBUITests.swift; sourceTree = "<group>"; };
		F9FD50FE1D4DECCE006A3AF3 /* Info.plist */ = {isa = PBXFileReference; lastKnownFileType = text.plist.xml; path = Info.plist; sourceTree = "<group>"; };
		F9FD510A1D4DED75006A3AF3 /* FBSDKCoreKit.framework */ = {isa = PBXFileReference; lastKnownFileType = wrapper.framework; path = FBSDKCoreKit.framework; sourceTree = "<group>"; };
		F9FD510B1D4DED75006A3AF3 /* FBSDKLoginKit.framework */ = {isa = PBXFileReference; lastKnownFileType = wrapper.framework; path = FBSDKLoginKit.framework; sourceTree = "<group>"; };
		F9FD510E1D4DEE56006A3AF3 /* TestFB-Bridging-Header.h */ = {isa = PBXFileReference; lastKnownFileType = sourcecode.c.h; path = "TestFB-Bridging-Header.h"; sourceTree = "<group>"; };
		F9FD510F1D4DEE57006A3AF3 /* FBSDKHeader.m */ = {isa = PBXFileReference; fileEncoding = 4; lastKnownFileType = sourcecode.c.objc; path = FBSDKHeader.m; sourceTree = "<group>"; };
		F9FD51111D4DF745006A3AF3 /* Podfile */ = {isa = PBXFileReference; fileEncoding = 4; lastKnownFileType = text; path = Podfile; sourceTree = "<group>"; };
		F9FF05671DB278DF003B73AB /* StaticFunction.swift */ = {isa = PBXFileReference; fileEncoding = 4; lastKnownFileType = sourcecode.swift; path = StaticFunction.swift; sourceTree = "<group>"; };
		F9FF05691DB28F5C003B73AB /* VC_OfferStore.swift */ = {isa = PBXFileReference; fileEncoding = 4; lastKnownFileType = sourcecode.swift; path = VC_OfferStore.swift; sourceTree = "<group>"; };
/* End PBXFileReference section */

/* Begin PBXFrameworksBuildPhase section */
		F9FD50D61D4DECCE006A3AF3 /* Frameworks */ = {
			isa = PBXFrameworksBuildPhase;
			buildActionMask = 2147483647;
			files = (
				F97A8D3B1D7EF0EF00D9D2B4 /* libsqlite3.0.tbd in Frameworks */,
				F90278731D4F360E00C82094 /* Bolts.framework in Frameworks */,
				F971BFF81DAB75E2000AF68E /* MapKit.framework in Frameworks */,
				F9FD510D1D4DED75006A3AF3 /* FBSDKLoginKit.framework in Frameworks */,
				F9FD510C1D4DED75006A3AF3 /* FBSDKCoreKit.framework in Frameworks */,
			);
			runOnlyForDeploymentPostprocessing = 0;
		};
		F9FD50EA1D4DECCE006A3AF3 /* Frameworks */ = {
			isa = PBXFrameworksBuildPhase;
			buildActionMask = 2147483647;
			files = (
			);
			runOnlyForDeploymentPostprocessing = 0;
		};
		F9FD50F51D4DECCE006A3AF3 /* Frameworks */ = {
			isa = PBXFrameworksBuildPhase;
			buildActionMask = 2147483647;
			files = (
			);
			runOnlyForDeploymentPostprocessing = 0;
		};
/* End PBXFrameworksBuildPhase section */

/* Begin PBXGroup section */
		F90278691D4F2EC700C82094 /* DocSets */ = {
			isa = PBXGroup;
			children = (
				F90278721D4F360E00C82094 /* Bolts.framework */,
				F902786A1D4F2EC700C82094 /* FacebookAudienceNetworkSDK-4_14-for-iOS.docset */,
				F902786B1D4F2EC700C82094 /* FacebookMessengerShareKitSDK-1_3-for-iOS.docset */,
				F902786C1D4F2EC700C82094 /* FacebookSDK-4_14-for-iOS.docset */,
				F902786D1D4F2EC700C82094 /* install_docsets.sh */,
			);
			path = DocSets;
			sourceTree = "<group>";
		};
		F906A3CD1D73D6A300B721F0 /* Header */ = {
			isa = PBXGroup;
			children = (
				F906A3CB1D73D69000B721F0 /* libsqlite3.tbd */,
				F90278691D4F2EC700C82094 /* DocSets */,
				F9FD510A1D4DED75006A3AF3 /* FBSDKCoreKit.framework */,
				F9FD510B1D4DED75006A3AF3 /* FBSDKLoginKit.framework */,
				F9FD510F1D4DEE57006A3AF3 /* FBSDKHeader.m */,
				F9FD510E1D4DEE56006A3AF3 /* TestFB-Bridging-Header.h */,
			);
			name = Header;
			sourceTree = "<group>";
		};
		F906A3D11D73DE0A00B721F0 /* AddOn */ = {
			isa = PBXGroup;
			children = (
			);
			name = AddOn;
			path = TestFB/AddOn;
			sourceTree = "<group>";
		};
		F951AD561D6EF0EA00725C75 /* VC */ = {
			isa = PBXGroup;
			children = (
				F9449F051D89AB4A009E5646 /* VC_Profile.swift */,
				F951AD541D6EB30800725C75 /* VC_BaseVC.swift */,
				F97051C51D6AF99F00740B3A /* VC_Result.swift */,
				F97051C71D6B4E2200740B3A /* VC_HasExtraMenu.swift */,
				F9FD50DE1D4DECCE006A3AF3 /* ViewController.swift */,
				F95CE4111D695EE80045E6DF /* VC_ExtraOption.swift */,
				F9AE0E6D1D5B5411000C8B91 /* VC_Comment.swift */,
				F95A2A691D563B0E00D39BF0 /* VC_MainSence.swift */,
				F929E5681D775A3600BFE8E5 /* VC_Login.swift */,
				F97A8D3E1D7EFDDA00D9D2B4 /* VC_tutorialPage.swift */,
				F971BFF51DAB58B8000AF68E /* VC_Discuss.swift */,
				F9FF05691DB28F5C003B73AB /* VC_OfferStore.swift */,
				F95B25DE1DB3634E00C6B58E /* VC_Map.swift */,
				F948DD5F1DB4DF3C00706837 /* VC_JoinUs.swift */,
				F948DD611DB5347300706837 /* VC_StoreList.swift */,
			);
			name = VC;
			sourceTree = "<group>";
		};
		F951AD571D6EF11300725C75 /* Controller */ = {
			isa = PBXGroup;
			children = (
				F9058E331D50504000862E7F /* PostData.swift */,
				F951AD581D6EF17B00725C75 /* User.swift */,
				F906A41D1D73DFFB00B721F0 /* JBdata.swift */,
				F9396BEA1D8ACAAF00CA9AEE /* UserStruct.swift */,
				F98DDC4B1D96B8E500240578 /* Store.swift */,
			);
			name = Controller;
			sourceTree = "<group>";
		};
		F9FD50D01D4DECCE006A3AF3 = {
			isa = PBXGroup;
			children = (
				F971BFF71DAB75E2000AF68E /* MapKit.framework */,
				F97A8D3A1D7EF0EF00D9D2B4 /* libsqlite3.0.tbd */,
				F906A41B1D73DF2000B721F0 /* data.db */,
				F9FD50DB1D4DECCE006A3AF3 /* TestFB */,
				F9FD50F01D4DECCE006A3AF3 /* TestFBTests */,
				F9FD50FB1D4DECCE006A3AF3 /* TestFBUITests */,
				F9FD50DA1D4DECCE006A3AF3 /* Products */,
				F906A3D11D73DE0A00B721F0 /* AddOn */,
			);
			sourceTree = "<group>";
		};
		F9FD50DA1D4DECCE006A3AF3 /* Products */ = {
			isa = PBXGroup;
			children = (
				F9FD50D91D4DECCE006A3AF3 /* JBIOS.app */,
				F9FD50ED1D4DECCE006A3AF3 /* JBIOS.xctest */,
				F9FD50F81D4DECCE006A3AF3 /* JBIOS.xctest */,
			);
			name = Products;
			sourceTree = "<group>";
		};
		F9FD50DB1D4DECCE006A3AF3 /* TestFB */ = {
			isa = PBXGroup;
			children = (
				F906A3CD1D73D6A300B721F0 /* Header */,
				F951AD571D6EF11300725C75 /* Controller */,
				F951AD561D6EF0EA00725C75 /* VC */,
				F9FD50DC1D4DECCE006A3AF3 /* AppDelegate.swift */,
				F9FD50E01D4DECCE006A3AF3 /* Main.storyboard */,
				F910C1A01D6434B6003367A7 /* CV_GoalSelection.swift */,
				F9AE0E6F1D5B6822000C8B91 /* PVC_tutorial.swift */,
				F93837121D56DA55007A0D63 /* V_Cooker.swift */,
				F9FD50E31D4DECCE006A3AF3 /* Assets.xcassets */,
				F9FD50E51D4DECCE006A3AF3 /* LaunchScreen.storyboard */,
				F9FD50E81D4DECCE006A3AF3 /* Info.plist */,
				F9FD51111D4DF745006A3AF3 /* Podfile */,
				F9058E351D50593500862E7F /* AboutUs.storyboard */,
				F9FF05671DB278DF003B73AB /* StaticFunction.swift */,
			);
			path = TestFB;
			sourceTree = "<group>";
		};
		F9FD50F01D4DECCE006A3AF3 /* TestFBTests */ = {
			isa = PBXGroup;
			children = (
				F9FD50F11D4DECCE006A3AF3 /* TestFBTests.swift */,
				F9FD50F31D4DECCE006A3AF3 /* Info.plist */,
			);
			path = TestFBTests;
			sourceTree = "<group>";
		};
		F9FD50FB1D4DECCE006A3AF3 /* TestFBUITests */ = {
			isa = PBXGroup;
			children = (
				F9FD50FC1D4DECCE006A3AF3 /* TestFBUITests.swift */,
				F9FD50FE1D4DECCE006A3AF3 /* Info.plist */,
			);
			path = TestFBUITests;
			sourceTree = "<group>";
		};
/* End PBXGroup section */

/* Begin PBXNativeTarget section */
		F9FD50D81D4DECCE006A3AF3 /* JBIOS */ = {
			isa = PBXNativeTarget;
			buildConfigurationList = F9FD51011D4DECCE006A3AF3 /* Build configuration list for PBXNativeTarget "JBIOS" */;
			buildPhases = (
				F9FD50D51D4DECCE006A3AF3 /* Sources */,
				F9FD50D61D4DECCE006A3AF3 /* Frameworks */,
				F9FD50D71D4DECCE006A3AF3 /* Resources */,
			);
			buildRules = (
			);
			dependencies = (
			);
			name = JBIOS;
			productName = TestFB;
			productReference = F9FD50D91D4DECCE006A3AF3 /* JBIOS.app */;
			productType = "com.apple.product-type.application";
		};
		F9FD50EC1D4DECCE006A3AF3 /* JBIOSTests */ = {
			isa = PBXNativeTarget;
			buildConfigurationList = F9FD51041D4DECCE006A3AF3 /* Build configuration list for PBXNativeTarget "JBIOSTests" */;
			buildPhases = (
				F9FD50E91D4DECCE006A3AF3 /* Sources */,
				F9FD50EA1D4DECCE006A3AF3 /* Frameworks */,
				F9FD50EB1D4DECCE006A3AF3 /* Resources */,
			);
			buildRules = (
			);
			dependencies = (
				F9FD50EF1D4DECCE006A3AF3 /* PBXTargetDependency */,
			);
			name = JBIOSTests;
			productName = TestFBTests;
			productReference = F9FD50ED1D4DECCE006A3AF3 /* JBIOS.xctest */;
			productType = "com.apple.product-type.bundle.unit-test";
		};
		F9FD50F71D4DECCE006A3AF3 /* JBIOSUITests */ = {
			isa = PBXNativeTarget;
			buildConfigurationList = F9FD51071D4DECCE006A3AF3 /* Build configuration list for PBXNativeTarget "JBIOSUITests" */;
			buildPhases = (
				F9FD50F41D4DECCE006A3AF3 /* Sources */,
				F9FD50F51D4DECCE006A3AF3 /* Frameworks */,
				F9FD50F61D4DECCE006A3AF3 /* Resources */,
			);
			buildRules = (
			);
			dependencies = (
				F9FD50FA1D4DECCE006A3AF3 /* PBXTargetDependency */,
			);
			name = JBIOSUITests;
			productName = TestFBUITests;
			productReference = F9FD50F81D4DECCE006A3AF3 /* JBIOS.xctest */;
			productType = "com.apple.product-type.bundle.ui-testing";
		};
/* End PBXNativeTarget section */

/* Begin PBXProject section */
		F9FD50D11D4DECCE006A3AF3 /* Project object */ = {
			isa = PBXProject;
			attributes = {
				KnownAssetTags = (
					Login,
				);
				LastSwiftUpdateCheck = 0730;
				LastUpgradeCheck = 0810;
				ORGANIZATIONNAME = NHF;
				TargetAttributes = {
					F9FD50D81D4DECCE006A3AF3 = {
						CreatedOnToolsVersion = 7.3.1;
						DevelopmentTeam = RPE89YVE3Q;
						LastSwiftMigration = 0820;
						ProvisioningStyle = Automatic;
						SystemCapabilities = {
							com.apple.Maps.iOS = {
								enabled = 1;
							};
						};
					};
					F9FD50EC1D4DECCE006A3AF3 = {
						CreatedOnToolsVersion = 7.3.1;
						LastSwiftMigration = 0820;
						TestTargetID = F9FD50D81D4DECCE006A3AF3;
					};
					F9FD50F71D4DECCE006A3AF3 = {
						CreatedOnToolsVersion = 7.3.1;
						LastSwiftMigration = 0820;
						TestTargetID = F9FD50D81D4DECCE006A3AF3;
					};
				};
			};
			buildConfigurationList = F9FD50D41D4DECCE006A3AF3 /* Build configuration list for PBXProject "JBIOS" */;
			compatibilityVersion = "Xcode 3.2";
			developmentRegion = English;
			hasScannedForEncodings = 0;
			knownRegions = (
				en,
				Base,
			);
			mainGroup = F9FD50D01D4DECCE006A3AF3;
			productRefGroup = F9FD50DA1D4DECCE006A3AF3 /* Products */;
			projectDirPath = "";
			projectRoot = "";
			targets = (
				F9FD50D81D4DECCE006A3AF3 /* JBIOS */,
				F9FD50EC1D4DECCE006A3AF3 /* JBIOSTests */,
				F9FD50F71D4DECCE006A3AF3 /* JBIOSUITests */,
			);
		};
/* End PBXProject section */

/* Begin PBXResourcesBuildPhase section */
		F9FD50D71D4DECCE006A3AF3 /* Resources */ = {
			isa = PBXResourcesBuildPhase;
			buildActionMask = 2147483647;
			files = (
				F9FD50E71D4DECCE006A3AF3 /* LaunchScreen.storyboard in Resources */,
				F90278701D4F2EC700C82094 /* FacebookSDK-4_14-for-iOS.docset in Resources */,
				F9FD50E41D4DECCE006A3AF3 /* Assets.xcassets in Resources */,
				F9058E361D50593500862E7F /* AboutUs.storyboard in Resources */,
				F9FD51121D4DF745006A3AF3 /* Podfile in Resources */,
				F9FD50E21D4DECCE006A3AF3 /* Main.storyboard in Resources */,
				F902786E1D4F2EC700C82094 /* FacebookAudienceNetworkSDK-4_14-for-iOS.docset in Resources */,
				F906A41C1D73DF2000B721F0 /* data.db in Resources */,
				F90278711D4F2EC700C82094 /* install_docsets.sh in Resources */,
				F902786F1D4F2EC700C82094 /* FacebookMessengerShareKitSDK-1_3-for-iOS.docset in Resources */,
			);
			runOnlyForDeploymentPostprocessing = 0;
		};
		F9FD50EB1D4DECCE006A3AF3 /* Resources */ = {
			isa = PBXResourcesBuildPhase;
			buildActionMask = 2147483647;
			files = (
			);
			runOnlyForDeploymentPostprocessing = 0;
		};
		F9FD50F61D4DECCE006A3AF3 /* Resources */ = {
			isa = PBXResourcesBuildPhase;
			buildActionMask = 2147483647;
			files = (
			);
			runOnlyForDeploymentPostprocessing = 0;
		};
/* End PBXResourcesBuildPhase section */

/* Begin PBXSourcesBuildPhase section */
		F9FD50D51D4DECCE006A3AF3 /* Sources */ = {
			isa = PBXSourcesBuildPhase;
			buildActionMask = 2147483647;
			files = (
				F9FD50DF1D4DECCE006A3AF3 /* ViewController.swift in Sources */,
				F9AE0E701D5B6822000C8B91 /* PVC_tutorial.swift in Sources */,
				F910C1A11D6434B6003367A7 /* CV_GoalSelection.swift in Sources */,
				F948DD621DB5347300706837 /* VC_StoreList.swift in Sources */,
				F971BFF61DAB58B8000AF68E /* VC_Discuss.swift in Sources */,
				F9FF05681DB278DF003B73AB /* StaticFunction.swift in Sources */,
				F9FF056A1DB28F5C003B73AB /* VC_OfferStore.swift in Sources */,
				F906A41E1D73DFFB00B721F0 /* JBdata.swift in Sources */,
				F9058E341D50504000862E7F /* PostData.swift in Sources */,
				F9FD50DD1D4DECCE006A3AF3 /* AppDelegate.swift in Sources */,
				F93837131D56DA55007A0D63 /* V_Cooker.swift in Sources */,
				F951AD591D6EF17B00725C75 /* User.swift in Sources */,
				F951AD551D6EB30800725C75 /* VC_BaseVC.swift in Sources */,
				F95CE4121D695EE80045E6DF /* VC_ExtraOption.swift in Sources */,
				F9449F061D89AB4A009E5646 /* VC_Profile.swift in Sources */,
				F929E5691D775A3600BFE8E5 /* VC_Login.swift in Sources */,
				F95A2A6A1D563B0E00D39BF0 /* VC_MainSence.swift in Sources */,
				F9FD51101D4DEE57006A3AF3 /* FBSDKHeader.m in Sources */,
				F97A8D3F1D7EFDDA00D9D2B4 /* VC_tutorialPage.swift in Sources */,
				F95B25DF1DB3634E00C6B58E /* VC_Map.swift in Sources */,
				F98DDC4C1D96B8E500240578 /* Store.swift in Sources */,
				F97051C81D6B4E2200740B3A /* VC_HasExtraMenu.swift in Sources */,
				F9396BEB1D8ACAAF00CA9AEE /* UserStruct.swift in Sources */,
				F9AE0E6E1D5B5411000C8B91 /* VC_Comment.swift in Sources */,
				F948DD601DB4DF3C00706837 /* VC_JoinUs.swift in Sources */,
				F97051C61D6AF99F00740B3A /* VC_Result.swift in Sources */,
			);
			runOnlyForDeploymentPostprocessing = 0;
		};
		F9FD50E91D4DECCE006A3AF3 /* Sources */ = {
			isa = PBXSourcesBuildPhase;
			buildActionMask = 2147483647;
			files = (
				F9FD50F21D4DECCE006A3AF3 /* TestFBTests.swift in Sources */,
			);
			runOnlyForDeploymentPostprocessing = 0;
		};
		F9FD50F41D4DECCE006A3AF3 /* Sources */ = {
			isa = PBXSourcesBuildPhase;
			buildActionMask = 2147483647;
			files = (
				F9FD50FD1D4DECCE006A3AF3 /* TestFBUITests.swift in Sources */,
			);
			runOnlyForDeploymentPostprocessing = 0;
		};
/* End PBXSourcesBuildPhase section */

/* Begin PBXTargetDependency section */
		F9FD50EF1D4DECCE006A3AF3 /* PBXTargetDependency */ = {
			isa = PBXTargetDependency;
			target = F9FD50D81D4DECCE006A3AF3 /* JBIOS */;
			targetProxy = F9FD50EE1D4DECCE006A3AF3 /* PBXContainerItemProxy */;
		};
		F9FD50FA1D4DECCE006A3AF3 /* PBXTargetDependency */ = {
			isa = PBXTargetDependency;
			target = F9FD50D81D4DECCE006A3AF3 /* JBIOS */;
			targetProxy = F9FD50F91D4DECCE006A3AF3 /* PBXContainerItemProxy */;
		};
/* End PBXTargetDependency section */

/* Begin PBXVariantGroup section */
		F9FD50E01D4DECCE006A3AF3 /* Main.storyboard */ = {
			isa = PBXVariantGroup;
			children = (
				F9FD50E11D4DECCE006A3AF3 /* Base */,
			);
			name = Main.storyboard;
			sourceTree = "<group>";
		};
		F9FD50E51D4DECCE006A3AF3 /* LaunchScreen.storyboard */ = {
			isa = PBXVariantGroup;
			children = (
				F9FD50E61D4DECCE006A3AF3 /* Base */,
			);
			name = LaunchScreen.storyboard;
			sourceTree = "<group>";
		};
/* End PBXVariantGroup section */

/* Begin XCBuildConfiguration section */
		1874766E1DD893CD00247D8B /* Ad-Hoc */ = {
			isa = XCBuildConfiguration;
			buildSettings = {
				ALWAYS_SEARCH_USER_PATHS = NO;
				CLANG_ANALYZER_NONNULL = YES;
				CLANG_CXX_LANGUAGE_STANDARD = "gnu++0x";
				CLANG_CXX_LIBRARY = "libc++";
				CLANG_ENABLE_MODULES = YES;
				CLANG_ENABLE_OBJC_ARC = YES;
				CLANG_WARN_BOOL_CONVERSION = YES;
				CLANG_WARN_CONSTANT_CONVERSION = YES;
				CLANG_WARN_DIRECT_OBJC_ISA_USAGE = YES_ERROR;
				CLANG_WARN_EMPTY_BODY = YES;
				CLANG_WARN_ENUM_CONVERSION = YES;
				CLANG_WARN_INFINITE_RECURSION = YES;
				CLANG_WARN_INT_CONVERSION = YES;
				CLANG_WARN_OBJC_ROOT_CLASS = YES_ERROR;
				CLANG_WARN_SUSPICIOUS_MOVE = YES;
				CLANG_WARN_UNREACHABLE_CODE = YES;
				CLANG_WARN__DUPLICATE_METHOD_MATCH = YES;
				CODE_SIGN_IDENTITY = "iPhone Distribution: YU HO WANG (RPE89YVE3Q)";
				"CODE_SIGN_IDENTITY[sdk=iphoneos*]" = "iPhone Distribution: YU HO WANG (RPE89YVE3Q)";
				COPY_PHASE_STRIP = NO;
				DEBUG_INFORMATION_FORMAT = "dwarf-with-dsym";
				ENABLE_NS_ASSERTIONS = NO;
				ENABLE_STRICT_OBJC_MSGSEND = YES;
				GCC_C_LANGUAGE_STANDARD = gnu99;
				GCC_NO_COMMON_BLOCKS = YES;
				GCC_WARN_64_TO_32_BIT_CONVERSION = YES;
				GCC_WARN_ABOUT_RETURN_TYPE = YES_ERROR;
				GCC_WARN_UNDECLARED_SELECTOR = YES;
				GCC_WARN_UNINITIALIZED_AUTOS = YES_AGGRESSIVE;
				GCC_WARN_UNUSED_FUNCTION = YES;
				GCC_WARN_UNUSED_VARIABLE = YES;
				IPHONEOS_DEPLOYMENT_TARGET = 10.2;
				MTL_ENABLE_DEBUG_INFO = NO;
				PROVISIONING_PROFILE = "940b8eb6-a980-48bf-a544-eec3f0db52c9";
				SDKROOT = iphoneos;
				TARGETED_DEVICE_FAMILY = "1,2";
				VALIDATE_PRODUCT = YES;
				VALID_ARCHS = "arm64 armv7 armv7s";
			};
			name = "Ad-Hoc";
		};
		1874766F1DD893CD00247D8B /* Ad-Hoc */ = {
			isa = XCBuildConfiguration;
			buildSettings = {
				ASSETCATALOG_COMPILER_APPICON_NAME = AppIcon;
				ASSETCATALOG_COMPILER_LAUNCHIMAGE_NAME = "Brand Assets";
				CLANG_ENABLE_MODULES = YES;
				CODE_SIGN_IDENTITY = "iPhone Distribution: YU HO WANG (RPE89YVE3Q)";
				"CODE_SIGN_IDENTITY[sdk=iphoneos*]" = "iPhone Developer";
				DEVELOPMENT_TEAM = RPE89YVE3Q;
				ENABLE_BITCODE = NO;
				FRAMEWORK_SEARCH_PATHS = (
					"$(inherited)",
					"$(PROJECT_DIR)/TestFB",
					"$(PROJECT_DIR)/TestFB/DocSets",
				);
				INFOPLIST_FILE = TestFB/Info.plist;
				IPHONEOS_DEPLOYMENT_TARGET = 9.1;
				LD_RUNPATH_SEARCH_PATHS = "$(inherited) @executable_path/Frameworks";
				PRODUCT_BUNDLE_IDENTIFIER = com.jblite.jbios;
				PRODUCT_NAME = JBIOS;
				PROVISIONING_PROFILE = "";
				SWIFT_OBJC_BRIDGING_HEADER = "TestFB/TestFB-Bridging-Header.h";
				SWIFT_VERSION = 2.3;
			};
			name = "Ad-Hoc";
		};
		187476701DD893CD00247D8B /* Ad-Hoc */ = {
			isa = XCBuildConfiguration;
			buildSettings = {
				BUNDLE_LOADER = "$(TEST_HOST)";
				INFOPLIST_FILE = TestFBTests/Info.plist;
				LD_RUNPATH_SEARCH_PATHS = "$(inherited) @executable_path/Frameworks @loader_path/Frameworks";
				PRODUCT_BUNDLE_IDENTIFIER = com.TestFBTests;
				PRODUCT_NAME = JBIOS;
				SWIFT_VERSION = 2.3;
				TEST_HOST = "$(BUILT_PRODUCTS_DIR)/JBIOS.app/JBIOS";
			};
			name = "Ad-Hoc";
		};
		187476711DD893CD00247D8B /* Ad-Hoc */ = {
			isa = XCBuildConfiguration;
			buildSettings = {
				INFOPLIST_FILE = TestFBUITests/Info.plist;
				LD_RUNPATH_SEARCH_PATHS = "$(inherited) @executable_path/Frameworks @loader_path/Frameworks";
				PRODUCT_BUNDLE_IDENTIFIER = com.TestFBUITests;
				PRODUCT_NAME = JBIOS;
				SWIFT_VERSION = 2.3;
				TEST_TARGET_NAME = TestFB;
			};
			name = "Ad-Hoc";
		};
		F9FD50FF1D4DECCE006A3AF3 /* Debug */ = {
			isa = XCBuildConfiguration;
			buildSettings = {
				ALWAYS_SEARCH_USER_PATHS = NO;
				CLANG_ANALYZER_NONNULL = YES;
				CLANG_CXX_LANGUAGE_STANDARD = "gnu++0x";
				CLANG_CXX_LIBRARY = "libc++";
				CLANG_ENABLE_MODULES = YES;
				CLANG_ENABLE_OBJC_ARC = YES;
				CLANG_WARN_BOOL_CONVERSION = YES;
				CLANG_WARN_CONSTANT_CONVERSION = YES;
				CLANG_WARN_DIRECT_OBJC_ISA_USAGE = YES_ERROR;
				CLANG_WARN_EMPTY_BODY = YES;
				CLANG_WARN_ENUM_CONVERSION = YES;
				CLANG_WARN_INFINITE_RECURSION = YES;
				CLANG_WARN_INT_CONVERSION = YES;
				CLANG_WARN_OBJC_ROOT_CLASS = YES_ERROR;
				CLANG_WARN_SUSPICIOUS_MOVE = YES;
				CLANG_WARN_UNREACHABLE_CODE = YES;
				CLANG_WARN__DUPLICATE_METHOD_MATCH = YES;
				CODE_SIGN_IDENTITY = "iPhone Distribution: YU HO WANG (RPE89YVE3Q)";
				"CODE_SIGN_IDENTITY[sdk=iphoneos*]" = "iPhone Distribution: YU HO WANG (RPE89YVE3Q)";
				COPY_PHASE_STRIP = NO;
				DEBUG_INFORMATION_FORMAT = dwarf;
				ENABLE_STRICT_OBJC_MSGSEND = YES;
				ENABLE_TESTABILITY = YES;
				GCC_C_LANGUAGE_STANDARD = gnu99;
				GCC_DYNAMIC_NO_PIC = NO;
				GCC_NO_COMMON_BLOCKS = YES;
				GCC_OPTIMIZATION_LEVEL = 0;
				GCC_PREPROCESSOR_DEFINITIONS = (
					"DEBUG=1",
					"$(inherited)",
				);
				GCC_WARN_64_TO_32_BIT_CONVERSION = YES;
				GCC_WARN_ABOUT_RETURN_TYPE = YES_ERROR;
				GCC_WARN_UNDECLARED_SELECTOR = YES;
				GCC_WARN_UNINITIALIZED_AUTOS = YES_AGGRESSIVE;
				GCC_WARN_UNUSED_FUNCTION = YES;
				GCC_WARN_UNUSED_VARIABLE = YES;
				IPHONEOS_DEPLOYMENT_TARGET = 10.2;
				MTL_ENABLE_DEBUG_INFO = YES;
				ONLY_ACTIVE_ARCH = YES;
				PROVISIONING_PROFILE = "940b8eb6-a980-48bf-a544-eec3f0db52c9";
				SDKROOT = iphoneos;
				SWIFT_OPTIMIZATION_LEVEL = "-Onone";
				TARGETED_DEVICE_FAMILY = "1,2";
				VALID_ARCHS = "arm64 armv7 armv7s";
			};
			name = Debug;
		};
		F9FD51001D4DECCE006A3AF3 /* Release */ = {
			isa = XCBuildConfiguration;
			buildSettings = {
				ALWAYS_SEARCH_USER_PATHS = NO;
				CLANG_ANALYZER_NONNULL = YES;
				CLANG_CXX_LANGUAGE_STANDARD = "gnu++0x";
				CLANG_CXX_LIBRARY = "libc++";
				CLANG_ENABLE_MODULES = YES;
				CLANG_ENABLE_OBJC_ARC = YES;
				CLANG_WARN_BOOL_CONVERSION = YES;
				CLANG_WARN_CONSTANT_CONVERSION = YES;
				CLANG_WARN_DIRECT_OBJC_ISA_USAGE = YES_ERROR;
				CLANG_WARN_EMPTY_BODY = YES;
				CLANG_WARN_ENUM_CONVERSION = YES;
				CLANG_WARN_INFINITE_RECURSION = YES;
				CLANG_WARN_INT_CONVERSION = YES;
				CLANG_WARN_OBJC_ROOT_CLASS = YES_ERROR;
				CLANG_WARN_SUSPICIOUS_MOVE = YES;
				CLANG_WARN_UNREACHABLE_CODE = YES;
				CLANG_WARN__DUPLICATE_METHOD_MATCH = YES;
				CODE_SIGN_IDENTITY = "iPhone Distribution: YU HO WANG (RPE89YVE3Q)";
				"CODE_SIGN_IDENTITY[sdk=iphoneos*]" = "iPhone Distribution: YU HO WANG (RPE89YVE3Q)";
				COPY_PHASE_STRIP = NO;
				DEBUG_INFORMATION_FORMAT = "dwarf-with-dsym";
				ENABLE_NS_ASSERTIONS = NO;
				ENABLE_STRICT_OBJC_MSGSEND = YES;
				GCC_C_LANGUAGE_STANDARD = gnu99;
				GCC_NO_COMMON_BLOCKS = YES;
				GCC_WARN_64_TO_32_BIT_CONVERSION = YES;
				GCC_WARN_ABOUT_RETURN_TYPE = YES_ERROR;
				GCC_WARN_UNDECLARED_SELECTOR = YES;
				GCC_WARN_UNINITIALIZED_AUTOS = YES_AGGRESSIVE;
				GCC_WARN_UNUSED_FUNCTION = YES;
				GCC_WARN_UNUSED_VARIABLE = YES;
				IPHONEOS_DEPLOYMENT_TARGET = 10.2;
				MTL_ENABLE_DEBUG_INFO = NO;
				PROVISIONING_PROFILE = "940b8eb6-a980-48bf-a544-eec3f0db52c9";
				SDKROOT = iphoneos;
				SWIFT_OPTIMIZATION_LEVEL = "-Owholemodule";
				TARGETED_DEVICE_FAMILY = "1,2";
				VALIDATE_PRODUCT = YES;
				VALID_ARCHS = "arm64 armv7 armv7s";
			};
			name = Release;
		};
		F9FD51021D4DECCE006A3AF3 /* Debug */ = {
			isa = XCBuildConfiguration;
			buildSettings = {
				ASSETCATALOG_COMPILER_APPICON_NAME = AppIcon;
				ASSETCATALOG_COMPILER_LAUNCHIMAGE_NAME = "Brand Assets";
				CLANG_ENABLE_MODULES = YES;
				CODE_SIGN_IDENTITY = "iPhone Distribution: YU HO WANG (RPE89YVE3Q)";
				"CODE_SIGN_IDENTITY[sdk=iphoneos*]" = "iPhone Developer";
				DEVELOPMENT_TEAM = RPE89YVE3Q;
				ENABLE_BITCODE = NO;
				FRAMEWORK_SEARCH_PATHS = (
					"$(inherited)",
					"$(PROJECT_DIR)/TestFB",
					"$(PROJECT_DIR)/TestFB/DocSets",
				);
				INFOPLIST_FILE = TestFB/Info.plist;
				IPHONEOS_DEPLOYMENT_TARGET = 9.1;
				LD_RUNPATH_SEARCH_PATHS = "$(inherited) @executable_path/Frameworks";
				PRODUCT_BUNDLE_IDENTIFIER = com.jblite.jbios;
				PRODUCT_NAME = JBIOS;
				PROVISIONING_PROFILE = "";
				PROVISIONING_PROFILE_SPECIFIER = "";
				SWIFT_OBJC_BRIDGING_HEADER = "TestFB/TestFB-Bridging-Header.h";
				SWIFT_OPTIMIZATION_LEVEL = "-Onone";
				SWIFT_VERSION = 2.3;
			};
			name = Debug;
		};
		F9FD51031D4DECCE006A3AF3 /* Release */ = {
			isa = XCBuildConfiguration;
			buildSettings = {
				ASSETCATALOG_COMPILER_APPICON_NAME = AppIcon;
				ASSETCATALOG_COMPILER_LAUNCHIMAGE_NAME = "Brand Assets";
				CLANG_ENABLE_MODULES = YES;
				CODE_SIGN_IDENTITY = "iPhone Distribution: YU HO WANG (RPE89YVE3Q)";
				"CODE_SIGN_IDENTITY[sdk=iphoneos*]" = "iPhone Developer";
				DEVELOPMENT_TEAM = RPE89YVE3Q;
				ENABLE_BITCODE = NO;
				FRAMEWORK_SEARCH_PATHS = (
					"$(inherited)",
					"$(PROJECT_DIR)/TestFB",
					"$(PROJECT_DIR)/TestFB/DocSets",
				);
				INFOPLIST_FILE = TestFB/Info.plist;
				IPHONEOS_DEPLOYMENT_TARGET = 9.1;
				LD_RUNPATH_SEARCH_PATHS = "$(inherited) @executable_path/Frameworks";
				PRODUCT_BUNDLE_IDENTIFIER = com.jblite.jbios;
				PRODUCT_NAME = JBIOS;
				PROVISIONING_PROFILE = "";
				PROVISIONING_PROFILE_SPECIFIER = "";
				SWIFT_OBJC_BRIDGING_HEADER = "TestFB/TestFB-Bridging-Header.h";
				SWIFT_VERSION = 2.3;
			};
			name = Release;
		};
		F9FD51051D4DECCE006A3AF3 /* Debug */ = {
			isa = XCBuildConfiguration;
			buildSettings = {
				BUNDLE_LOADER = "$(TEST_HOST)";
				INFOPLIST_FILE = TestFBTests/Info.plist;
				LD_RUNPATH_SEARCH_PATHS = "$(inherited) @executable_path/Frameworks @loader_path/Frameworks";
				PRODUCT_BUNDLE_IDENTIFIER = com.TestFBTests;
				PRODUCT_NAME = JBIOS;
				SWIFT_VERSION = 2.3;
				TEST_HOST = "$(BUILT_PRODUCTS_DIR)/JBIOS.app/JBIOS";
			};
			name = Debug;
		};
		F9FD51061D4DECCE006A3AF3 /* Release */ = {
			isa = XCBuildConfiguration;
			buildSettings = {
				BUNDLE_LOADER = "$(TEST_HOST)";
				INFOPLIST_FILE = TestFBTests/Info.plist;
				LD_RUNPATH_SEARCH_PATHS = "$(inherited) @executable_path/Frameworks @loader_path/Frameworks";
				PRODUCT_BUNDLE_IDENTIFIER = com.TestFBTests;
				PRODUCT_NAME = JBIOS;
				SWIFT_VERSION = 2.3;
				TEST_HOST = "$(BUILT_PRODUCTS_DIR)/JBIOS.app/JBIOS";
			};
			name = Release;
		};
		F9FD51081D4DECCE006A3AF3 /* Debug */ = {
			isa = XCBuildConfiguration;
			buildSettings = {
				INFOPLIST_FILE = TestFBUITests/Info.plist;
				LD_RUNPATH_SEARCH_PATHS = "$(inherited) @executable_path/Frameworks @loader_path/Frameworks";
				PRODUCT_BUNDLE_IDENTIFIER = com.TestFBUITests;
				PRODUCT_NAME = JBIOS;
				SWIFT_VERSION = 2.3;
				TEST_TARGET_NAME = TestFB;
			};
			name = Debug;
		};
		F9FD51091D4DECCE006A3AF3 /* Release */ = {
			isa = XCBuildConfiguration;
			buildSettings = {
				INFOPLIST_FILE = TestFBUITests/Info.plist;
				LD_RUNPATH_SEARCH_PATHS = "$(inherited) @executable_path/Frameworks @loader_path/Frameworks";
				PRODUCT_BUNDLE_IDENTIFIER = com.TestFBUITests;
				PRODUCT_NAME = JBIOS;
				SWIFT_VERSION = 2.3;
				TEST_TARGET_NAME = TestFB;
			};
			name = Release;
		};
/* End XCBuildConfiguration section */

/* Begin XCConfigurationList section */
		F9FD50D41D4DECCE006A3AF3 /* Build configuration list for PBXProject "JBIOS" */ = {
			isa = XCConfigurationList;
			buildConfigurations = (
				F9FD50FF1D4DECCE006A3AF3 /* Debug */,
				F9FD51001D4DECCE006A3AF3 /* Release */,
				1874766E1DD893CD00247D8B /* Ad-Hoc */,
			);
			defaultConfigurationIsVisible = 0;
			defaultConfigurationName = Release;
		};
		F9FD51011D4DECCE006A3AF3 /* Build configuration list for PBXNativeTarget "JBIOS" */ = {
			isa = XCConfigurationList;
			buildConfigurations = (
				F9FD51021D4DECCE006A3AF3 /* Debug */,
				F9FD51031D4DECCE006A3AF3 /* Release */,
				1874766F1DD893CD00247D8B /* Ad-Hoc */,
			);
			defaultConfigurationIsVisible = 0;
			defaultConfigurationName = Release;
		};
		F9FD51041D4DECCE006A3AF3 /* Build configuration list for PBXNativeTarget "JBIOSTests" */ = {
			isa = XCConfigurationList;
			buildConfigurations = (
				F9FD51051D4DECCE006A3AF3 /* Debug */,
				F9FD51061D4DECCE006A3AF3 /* Release */,
				187476701DD893CD00247D8B /* Ad-Hoc */,
			);
			defaultConfigurationIsVisible = 0;
			defaultConfigurationName = Release;
		};
		F9FD51071D4DECCE006A3AF3 /* Build configuration list for PBXNativeTarget "JBIOSUITests" */ = {
			isa = XCConfigurationList;
			buildConfigurations = (
				F9FD51081D4DECCE006A3AF3 /* Debug */,
				F9FD51091D4DECCE006A3AF3 /* Release */,
				187476711DD893CD00247D8B /* Ad-Hoc */,
			);
			defaultConfigurationIsVisible = 0;
			defaultConfigurationName = Release;
		};
/* End XCConfigurationList section */
	};
	rootObject = F9FD50D11D4DECCE006A3AF3 /* Project object */;
}
